// !$*UTF8*$!
{
	archiveVersion = 1;
	classes = {
	};
	objectVersion = 46;
	objects = {

/* Begin PBXBuildFile section */
		931E3B7B16F93E000040F68E /* Default-568h@2x.png in Resources */ = {isa = PBXBuildFile; fileRef = 931E3B7A16F93E000040F68E /* Default-568h@2x.png */; };
		931E3B7D16F93E170040F68E /* Default@2x.png in Resources */ = {isa = PBXBuildFile; fileRef = 931E3B7C16F93E170040F68E /* Default@2x.png */; };
		931E3B8616F942530040F68E /* Default.png in Resources */ = {isa = PBXBuildFile; fileRef = 931E3B8416F942160040F68E /* Default.png */; };
		931E3B8A16F942EE0040F68E /* kisicon 2.png in Resources */ = {isa = PBXBuildFile; fileRef = 931E3B8916F942EE0040F68E /* kisicon 2.png */; };
		931E3B8E16F944720040F68E /* icon.png in Resources */ = {isa = PBXBuildFile; fileRef = 931E3B8D16F944720040F68E /* icon.png */; };
		9339F2CE16EF708B006EA79E /* MobileCoreServices.framework in Frameworks */ = {isa = PBXBuildFile; fileRef = 9339F2CD16EF708B006EA79E /* MobileCoreServices.framework */; };
		9339F2D216EF778B006EA79E /* Camera.PNG in Resources */ = {isa = PBXBuildFile; fileRef = 9339F2D116EF778B006EA79E /* Camera.PNG */; };
		9339F2D416EFA215006EA79E /* Social.framework in Frameworks */ = {isa = PBXBuildFile; fileRef = 9339F2D316EFA215006EA79E /* Social.framework */; };
		933D3D7E16E542F0002B6540 /* UIKit.framework in Frameworks */ = {isa = PBXBuildFile; fileRef = 933D3D7D16E542F0002B6540 /* UIKit.framework */; };
		933D3D8016E542F0002B6540 /* Foundation.framework in Frameworks */ = {isa = PBXBuildFile; fileRef = 933D3D7F16E542F0002B6540 /* Foundation.framework */; };
		933D3D8216E542F0002B6540 /* CoreGraphics.framework in Frameworks */ = {isa = PBXBuildFile; fileRef = 933D3D8116E542F0002B6540 /* CoreGraphics.framework */; };
		933D3D8816E542F0002B6540 /* InfoPlist.strings in Resources */ = {isa = PBXBuildFile; fileRef = 933D3D8616E542F0002B6540 /* InfoPlist.strings */; };
		933D3D8A16E542F0002B6540 /* main.m in Sources */ = {isa = PBXBuildFile; fileRef = 933D3D8916E542F0002B6540 /* main.m */; };
		933D3D8E16E542F0002B6540 /* AppDelegate.m in Sources */ = {isa = PBXBuildFile; fileRef = 933D3D8D16E542F0002B6540 /* AppDelegate.m */; };
		933D3D9716E542F0002B6540 /* MainStoryboard.storyboard in Resources */ = {isa = PBXBuildFile; fileRef = 933D3D9516E542F0002B6540 /* MainStoryboard.storyboard */; };
		933D3D9A16E542F0002B6540 /* ViewController.m in Sources */ = {isa = PBXBuildFile; fileRef = 933D3D9916E542F0002B6540 /* ViewController.m */; };
		933D3DA116E545FB002B6540 /* Twitter.framework in Frameworks */ = {isa = PBXBuildFile; fileRef = 933D3DA016E545FB002B6540 /* Twitter.framework */; };
		933D3DBB16E54756002B6540 /* b.png in Resources */ = {isa = PBXBuildFile; fileRef = 933D3DA316E54756002B6540 /* b.png */; };
		933D3DBC16E54756002B6540 /* Black.png in Resources */ = {isa = PBXBuildFile; fileRef = 933D3DA416E54756002B6540 /* Black.png */; };
		933D3DBD16E54756002B6540 /* Blue.png in Resources */ = {isa = PBXBuildFile; fileRef = 933D3DA516E54756002B6540 /* Blue.png */; };
		933D3DBE16E54756002B6540 /* Brown.png in Resources */ = {isa = PBXBuildFile; fileRef = 933D3DA616E54756002B6540 /* Brown.png */; };
		933D3DBF16E54756002B6540 /* Custom-Color.png in Resources */ = {isa = PBXBuildFile; fileRef = 933D3DA716E54756002B6540 /* Custom-Color.png */; };
		933D3DC016E54756002B6540 /* DarkGreen.png in Resources */ = {isa = PBXBuildFile; fileRef = 933D3DA816E54756002B6540 /* DarkGreen.png */; };
		933D3DC116E54756002B6540 /* DarkOrange.png in Resources */ = {isa = PBXBuildFile; fileRef = 933D3DA916E54756002B6540 /* DarkOrange.png */; };
		933D3DC216E54756002B6540 /* Eraser.png in Resources */ = {isa = PBXBuildFile; fileRef = 933D3DAA16E54756002B6540 /* Eraser.png */; };
		933D3DC316E54756002B6540 /* g.png in Resources */ = {isa = PBXBuildFile; fileRef = 933D3DAB16E54756002B6540 /* g.png */; };
		933D3DC416E54756002B6540 /* Grey.png in Resources */ = {isa = PBXBuildFile; fileRef = 933D3DAC16E54756002B6540 /* Grey.png */; };
		933D3DC516E54756002B6540 /* LightBlue.png in Resources */ = {isa = PBXBuildFile; fileRef = 933D3DAD16E54756002B6540 /* LightBlue.png */; };
		933D3DC616E54756002B6540 /* LightGreen.png in Resources */ = {isa = PBXBuildFile; fileRef = 933D3DAE16E54756002B6540 /* LightGreen.png */; };
		933D3DC716E54756002B6540 /* Opacity.png in Resources */ = {isa = PBXBuildFile; fileRef = 933D3DAF16E54756002B6540 /* Opacity.png */; };
		933D3DC816E54756002B6540 /* r.png in Resources */ = {isa = PBXBuildFile; fileRef = 933D3DB016E54756002B6540 /* r.png */; };
		933D3DC916E54756002B6540 /* Red.png in Resources */ = {isa = PBXBuildFile; fileRef = 933D3DB116E54756002B6540 /* Red.png */; };
		933D3DCA16E54756002B6540 /* reset-Small.png in Resources */ = {isa = PBXBuildFile; fileRef = 933D3DB216E54756002B6540 /* reset-Small.png */; };
		933D3DCB16E54756002B6540 /* Save-Small.png in Resources */ = {isa = PBXBuildFile; fileRef = 933D3DB316E54756002B6540 /* Save-Small.png */; };
		933D3DCC16E54756002B6540 /* Setting-1.png in Resources */ = {isa = PBXBuildFile; fileRef = 933D3DB416E54756002B6540 /* Setting-1.png */; };
		933D3DCD16E54756002B6540 /* Setting-2.png in Resources */ = {isa = PBXBuildFile; fileRef = 933D3DB516E54756002B6540 /* Setting-2.png */; };
		933D3DCE16E54756002B6540 /* Settings White.png in Resources */ = {isa = PBXBuildFile; fileRef = 933D3DB616E54756002B6540 /* Settings White.png */; };
		933D3DCF16E54756002B6540 /* Settings.png in Resources */ = {isa = PBXBuildFile; fileRef = 933D3DB716E54756002B6540 /* Settings.png */; };
		933D3DD016E54756002B6540 /* thickness.png in Resources */ = {isa = PBXBuildFile; fileRef = 933D3DB816E54756002B6540 /* thickness.png */; };
		933D3DD116E54756002B6540 /* width.png in Resources */ = {isa = PBXBuildFile; fileRef = 933D3DB916E54756002B6540 /* width.png */; };
		933D3DD216E54756002B6540 /* Yellow.png in Resources */ = {isa = PBXBuildFile; fileRef = 933D3DBA16E54756002B6540 /* Yellow.png */; };
		933D3DD416E54C71002B6540 /* share.png in Resources */ = {isa = PBXBuildFile; fileRef = 933D3DD316E54C71002B6540 /* share.png */; };
		933D3E0616E555BE002B6540 /* ALToastView.m in Sources */ = {isa = PBXBuildFile; fileRef = 933D3E0516E555BE002B6540 /* ALToastView.m */; };
		933D3E0816E55917002B6540 /* undo.png in Resources */ = {isa = PBXBuildFile; fileRef = 933D3E0716E55917002B6540 /* undo.png */; };
		933D3E0B16E55CA9002B6540 /* SettingsViewController.m in Sources */ = {isa = PBXBuildFile; fileRef = 933D3E0A16E55CA9002B6540 /* SettingsViewController.m */; };
		9347B46617F03C4400058C2E /* shareIOS7.png in Resources */ = {isa = PBXBuildFile; fileRef = 9347B46517F03C4400058C2E /* shareIOS7.png */; };
		9347B46817F0402400058C2E /* newPageIos7.png in Resources */ = {isa = PBXBuildFile; fileRef = 9347B46717F0402400058C2E /* newPageIos7.png */; };
		9347B46C17F04F5600058C2E /* settingsios7.png in Resources */ = {isa = PBXBuildFile; fileRef = 9347B46B17F04F5600058C2E /* settingsios7.png */; };
		9347B46E17F053A200058C2E /* cameraIos7.png in Resources */ = {isa = PBXBuildFile; fileRef = 9347B46D17F053A200058C2E /* cameraIos7.png */; };
		9347B47117F0A03A00058C2E /* redoIos7.png in Resources */ = {isa = PBXBuildFile; fileRef = 9347B46F17F0A03A00058C2E /* redoIos7.png */; };
		9347B47217F0A03A00058C2E /* undoios7.png in Resources */ = {isa = PBXBuildFile; fileRef = 9347B47017F0A03A00058C2E /* undoios7.png */; };
		936F09BB16EF6C5100F85EF7 /* Photo_camera_icon.png in Resources */ = {isa = PBXBuildFile; fileRef = 936F09BA16EF6C5100F85EF7 /* Photo_camera_icon.png */; };
		93745BA716FA1C630085BFA5 /* new_page.png in Resources */ = {isa = PBXBuildFile; fileRef = 93745BA616FA1C630085BFA5 /* new_page.png */; };
		93745BA916FA20CC0085BFA5 /* redo_icon.png in Resources */ = {isa = PBXBuildFile; fileRef = 93745BA816FA20CC0085BFA5 /* redo_icon.png */; };
		93745BAB16FA218F0085BFA5 /* undo_icon2.png in Resources */ = {isa = PBXBuildFile; fileRef = 93745BAA16FA218F0085BFA5 /* undo_icon2.png */; };
		93745BAD16FA22DE0085BFA5 /* settingsBlack.png in Resources */ = {isa = PBXBuildFile; fileRef = 93745BAC16FA22DE0085BFA5 /* settingsBlack.png */; };
		93867906171EEF8E00F54569 /* ANImageBitmapRep.m in Sources */ = {isa = PBXBuildFile; fileRef = 938678E2171EEF8E00F54569 /* ANImageBitmapRep.m */; };
		93867907171EEF8E00F54569 /* BitmapContextRep.m in Sources */ = {isa = PBXBuildFile; fileRef = 938678E4171EEF8E00F54569 /* BitmapContextRep.m */; };
		93867908171EEF8E00F54569 /* NSImage+ANImageBitmapRep.m in Sources */ = {isa = PBXBuildFile; fileRef = 938678E7171EEF8E00F54569 /* NSImage+ANImageBitmapRep.m */; };
		93867909171EEF8E00F54569 /* OSCommonImage.m in Sources */ = {isa = PBXBuildFile; fileRef = 938678E9171EEF8E00F54569 /* OSCommonImage.m */; };
		9386790A171EEF8E00F54569 /* UIImage+ANImageBitmapRep.m in Sources */ = {isa = PBXBuildFile; fileRef = 938678EB171EEF8E00F54569 /* UIImage+ANImageBitmapRep.m */; };
		9386790B171EEF8E00F54569 /* CGContextCreator.m in Sources */ = {isa = PBXBuildFile; fileRef = 938678EE171EEF8E00F54569 /* CGContextCreator.m */; };
		9386790C171EEF8E00F54569 /* CGImageContainer.m in Sources */ = {isa = PBXBuildFile; fileRef = 938678F0171EEF8E00F54569 /* CGImageContainer.m */; };
		9386790D171EEF8E00F54569 /* BitmapContextManipulator.m in Sources */ = {isa = PBXBuildFile; fileRef = 938678F3171EEF8E00F54569 /* BitmapContextManipulator.m */; };
		9386790E171EEF8E00F54569 /* BitmapCropManipulator.m in Sources */ = {isa = PBXBuildFile; fileRef = 938678F5171EEF8E00F54569 /* BitmapCropManipulator.m */; };
		9386790F171EEF8E00F54569 /* BitmapDrawManipulator.m in Sources */ = {isa = PBXBuildFile; fileRef = 938678F7171EEF8E00F54569 /* BitmapDrawManipulator.m */; };
		93867910171EEF8E00F54569 /* BitmapRotationManipulator.m in Sources */ = {isa = PBXBuildFile; fileRef = 938678F9171EEF8E00F54569 /* BitmapRotationManipulator.m */; };
		93867911171EEF8E00F54569 /* BitmapScaleManipulator.m in Sources */ = {isa = PBXBuildFile; fileRef = 938678FB171EEF8E00F54569 /* BitmapScaleManipulator.m */; };
		93867912171EEF8E00F54569 /* BGRSLoupeLayer.m in Sources */ = {isa = PBXBuildFile; fileRef = 938678FD171EEF8E00F54569 /* BGRSLoupeLayer.m */; };
		93867913171EEF8E00F54569 /* RSBrightnessSlider.m in Sources */ = {isa = PBXBuildFile; fileRef = 938678FF171EEF8E00F54569 /* RSBrightnessSlider.m */; };
		93867914171EEF8E00F54569 /* RSColorFunctions.m in Sources */ = {isa = PBXBuildFile; fileRef = 93867901171EEF8E00F54569 /* RSColorFunctions.m */; };
		93867915171EEF8E00F54569 /* RSColorPickerView.m in Sources */ = {isa = PBXBuildFile; fileRef = 93867903171EEF8E00F54569 /* RSColorPickerView.m */; };
		93867916171EEF8E00F54569 /* RSSelectionView.m in Sources */ = {isa = PBXBuildFile; fileRef = 93867905171EEF8E00F54569 /* RSSelectionView.m */; };
		93867918171EF47100F54569 /* QuartzCore.framework in Frameworks */ = {isa = PBXBuildFile; fileRef = 93867917171EF47000F54569 /* QuartzCore.framework */; };
/* End PBXBuildFile section */

/* Begin PBXFileReference section */
		931E3B7A16F93E000040F68E /* Default-568h@2x.png */ = {isa = PBXFileReference; lastKnownFileType = image.png; path = "Default-568h@2x.png"; sourceTree = "<group>"; };
		931E3B7C16F93E170040F68E /* Default@2x.png */ = {isa = PBXFileReference; lastKnownFileType = image.png; path = "Default@2x.png"; sourceTree = "<group>"; };
		931E3B8416F942160040F68E /* Default.png */ = {isa = PBXFileReference; lastKnownFileType = image.png; path = Default.png; sourceTree = "<group>"; };
		931E3B8916F942EE0040F68E /* kisicon 2.png */ = {isa = PBXFileReference; lastKnownFileType = image.png; path = "kisicon 2.png"; sourceTree = "<group>"; };
		931E3B8D16F944720040F68E /* icon.png */ = {isa = PBXFileReference; lastKnownFileType = image.png; path = icon.png; sourceTree = "<group>"; };
		9339F2CD16EF708B006EA79E /* MobileCoreServices.framework */ = {isa = PBXFileReference; lastKnownFileType = wrapper.framework; name = MobileCoreServices.framework; path = System/Library/Frameworks/MobileCoreServices.framework; sourceTree = SDKROOT; };
		9339F2D116EF778B006EA79E /* Camera.PNG */ = {isa = PBXFileReference; lastKnownFileType = image.png; path = Camera.PNG; sourceTree = "<group>"; };
		9339F2D316EFA215006EA79E /* Social.framework */ = {isa = PBXFileReference; lastKnownFileType = wrapper.framework; name = Social.framework; path = System/Library/Frameworks/Social.framework; sourceTree = SDKROOT; };
		933D3D7A16E542F0002B6540 /* KishKashta.app */ = {isa = PBXFileReference; explicitFileType = wrapper.application; includeInIndex = 0; path = KishKashta.app; sourceTree = BUILT_PRODUCTS_DIR; };
		933D3D7D16E542F0002B6540 /* UIKit.framework */ = {isa = PBXFileReference; lastKnownFileType = wrapper.framework; name = UIKit.framework; path = System/Library/Frameworks/UIKit.framework; sourceTree = SDKROOT; };
		933D3D7F16E542F0002B6540 /* Foundation.framework */ = {isa = PBXFileReference; lastKnownFileType = wrapper.framework; name = Foundation.framework; path = System/Library/Frameworks/Foundation.framework; sourceTree = SDKROOT; };
		933D3D8116E542F0002B6540 /* CoreGraphics.framework */ = {isa = PBXFileReference; lastKnownFileType = wrapper.framework; name = CoreGraphics.framework; path = System/Library/Frameworks/CoreGraphics.framework; sourceTree = SDKROOT; };
		933D3D8516E542F0002B6540 /* KishKashta-Info.plist */ = {isa = PBXFileReference; lastKnownFileType = text.plist.xml; path = "KishKashta-Info.plist"; sourceTree = "<group>"; };
		933D3D8716E542F0002B6540 /* en */ = {isa = PBXFileReference; lastKnownFileType = text.plist.strings; name = en; path = en.lproj/InfoPlist.strings; sourceTree = "<group>"; };
		933D3D8916E542F0002B6540 /* main.m */ = {isa = PBXFileReference; lastKnownFileType = sourcecode.c.objc; path = main.m; sourceTree = "<group>"; };
		933D3D8B16E542F0002B6540 /* KishKashta-Prefix.pch */ = {isa = PBXFileReference; lastKnownFileType = sourcecode.c.h; path = "KishKashta-Prefix.pch"; sourceTree = "<group>"; };
		933D3D8C16E542F0002B6540 /* AppDelegate.h */ = {isa = PBXFileReference; lastKnownFileType = sourcecode.c.h; path = AppDelegate.h; sourceTree = "<group>"; };
		933D3D8D16E542F0002B6540 /* AppDelegate.m */ = {isa = PBXFileReference; lastKnownFileType = sourcecode.c.objc; path = AppDelegate.m; sourceTree = "<group>"; };
		933D3D9616E542F0002B6540 /* en */ = {isa = PBXFileReference; lastKnownFileType = file.storyboard; name = en; path = en.lproj/MainStoryboard.storyboard; sourceTree = "<group>"; };
		933D3D9816E542F0002B6540 /* ViewController.h */ = {isa = PBXFileReference; lastKnownFileType = sourcecode.c.h; path = ViewController.h; sourceTree = "<group>"; };
		933D3D9916E542F0002B6540 /* ViewController.m */ = {isa = PBXFileReference; lastKnownFileType = sourcecode.c.objc; path = ViewController.m; sourceTree = "<group>"; };
		933D3DA016E545FB002B6540 /* Twitter.framework */ = {isa = PBXFileReference; lastKnownFileType = wrapper.framework; name = Twitter.framework; path = System/Library/Frameworks/Twitter.framework; sourceTree = SDKROOT; };
		933D3DA316E54756002B6540 /* b.png */ = {isa = PBXFileReference; lastKnownFileType = image.png; path = b.png; sourceTree = "<group>"; };
		933D3DA416E54756002B6540 /* Black.png */ = {isa = PBXFileReference; lastKnownFileType = image.png; path = Black.png; sourceTree = "<group>"; };
		933D3DA516E54756002B6540 /* Blue.png */ = {isa = PBXFileReference; lastKnownFileType = image.png; path = Blue.png; sourceTree = "<group>"; };
		933D3DA616E54756002B6540 /* Brown.png */ = {isa = PBXFileReference; lastKnownFileType = image.png; path = Brown.png; sourceTree = "<group>"; };
		933D3DA716E54756002B6540 /* Custom-Color.png */ = {isa = PBXFileReference; lastKnownFileType = image.png; path = "Custom-Color.png"; sourceTree = "<group>"; };
		933D3DA816E54756002B6540 /* DarkGreen.png */ = {isa = PBXFileReference; lastKnownFileType = image.png; path = DarkGreen.png; sourceTree = "<group>"; };
		933D3DA916E54756002B6540 /* DarkOrange.png */ = {isa = PBXFileReference; lastKnownFileType = image.png; path = DarkOrange.png; sourceTree = "<group>"; };
		933D3DAA16E54756002B6540 /* Eraser.png */ = {isa = PBXFileReference; lastKnownFileType = image.png; path = Eraser.png; sourceTree = "<group>"; };
		933D3DAB16E54756002B6540 /* g.png */ = {isa = PBXFileReference; lastKnownFileType = image.png; path = g.png; sourceTree = "<group>"; };
		933D3DAC16E54756002B6540 /* Grey.png */ = {isa = PBXFileReference; lastKnownFileType = image.png; path = Grey.png; sourceTree = "<group>"; };
		933D3DAD16E54756002B6540 /* LightBlue.png */ = {isa = PBXFileReference; lastKnownFileType = image.png; path = LightBlue.png; sourceTree = "<group>"; };
		933D3DAE16E54756002B6540 /* LightGreen.png */ = {isa = PBXFileReference; lastKnownFileType = image.png; path = LightGreen.png; sourceTree = "<group>"; };
		933D3DAF16E54756002B6540 /* Opacity.png */ = {isa = PBXFileReference; lastKnownFileType = image.png; path = Opacity.png; sourceTree = "<group>"; };
		933D3DB016E54756002B6540 /* r.png */ = {isa = PBXFileReference; lastKnownFileType = image.png; path = r.png; sourceTree = "<group>"; };
		933D3DB116E54756002B6540 /* Red.png */ = {isa = PBXFileReference; lastKnownFileType = image.png; path = Red.png; sourceTree = "<group>"; };
		933D3DB216E54756002B6540 /* reset-Small.png */ = {isa = PBXFileReference; lastKnownFileType = image.png; path = "reset-Small.png"; sourceTree = "<group>"; };
		933D3DB316E54756002B6540 /* Save-Small.png */ = {isa = PBXFileReference; lastKnownFileType = image.png; path = "Save-Small.png"; sourceTree = "<group>"; };
		933D3DB416E54756002B6540 /* Setting-1.png */ = {isa = PBXFileReference; lastKnownFileType = image.png; path = "Setting-1.png"; sourceTree = "<group>"; };
		933D3DB516E54756002B6540 /* Setting-2.png */ = {isa = PBXFileReference; lastKnownFileType = image.png; path = "Setting-2.png"; sourceTree = "<group>"; };
		933D3DB616E54756002B6540 /* Settings White.png */ = {isa = PBXFileReference; lastKnownFileType = image.png; path = "Settings White.png"; sourceTree = "<group>"; };
		933D3DB716E54756002B6540 /* Settings.png */ = {isa = PBXFileReference; lastKnownFileType = image.png; path = Settings.png; sourceTree = "<group>"; };
		933D3DB816E54756002B6540 /* thickness.png */ = {isa = PBXFileReference; lastKnownFileType = image.png; path = thickness.png; sourceTree = "<group>"; };
		933D3DB916E54756002B6540 /* width.png */ = {isa = PBXFileReference; lastKnownFileType = image.png; path = width.png; sourceTree = "<group>"; };
		933D3DBA16E54756002B6540 /* Yellow.png */ = {isa = PBXFileReference; lastKnownFileType = image.png; path = Yellow.png; sourceTree = "<group>"; };
		933D3DD316E54C71002B6540 /* share.png */ = {isa = PBXFileReference; lastKnownFileType = image.png; path = share.png; sourceTree = "<group>"; };
		933D3E0416E555BE002B6540 /* ALToastView.h */ = {isa = PBXFileReference; fileEncoding = 4; lastKnownFileType = sourcecode.c.h; path = ALToastView.h; sourceTree = "<group>"; };
		933D3E0516E555BE002B6540 /* ALToastView.m */ = {isa = PBXFileReference; fileEncoding = 4; lastKnownFileType = sourcecode.c.objc; path = ALToastView.m; sourceTree = "<group>"; };
		933D3E0716E55917002B6540 /* undo.png */ = {isa = PBXFileReference; lastKnownFileType = image.png; path = undo.png; sourceTree = "<group>"; };
		933D3E0916E55CA9002B6540 /* SettingsViewController.h */ = {isa = PBXFileReference; fileEncoding = 4; lastKnownFileType = sourcecode.c.h; path = SettingsViewController.h; sourceTree = "<group>"; };
		933D3E0A16E55CA9002B6540 /* SettingsViewController.m */ = {isa = PBXFileReference; fileEncoding = 4; lastKnownFileType = sourcecode.c.objc; path = SettingsViewController.m; sourceTree = "<group>"; };
		9347B46517F03C4400058C2E /* shareIOS7.png */ = {isa = PBXFileReference; lastKnownFileType = image.png; path = shareIOS7.png; sourceTree = "<group>"; };
		9347B46717F0402400058C2E /* newPageIos7.png */ = {isa = PBXFileReference; lastKnownFileType = image.png; path = newPageIos7.png; sourceTree = "<group>"; };
		9347B46B17F04F5600058C2E /* settingsios7.png */ = {isa = PBXFileReference; lastKnownFileType = image.png; path = settingsios7.png; sourceTree = "<group>"; };
		9347B46D17F053A200058C2E /* cameraIos7.png */ = {isa = PBXFileReference; lastKnownFileType = image.png; path = cameraIos7.png; sourceTree = "<group>"; };
		9347B46F17F0A03A00058C2E /* redoIos7.png */ = {isa = PBXFileReference; lastKnownFileType = image.png; path = redoIos7.png; sourceTree = "<group>"; };
		9347B47017F0A03A00058C2E /* undoios7.png */ = {isa = PBXFileReference; lastKnownFileType = image.png; path = undoios7.png; sourceTree = "<group>"; };
		936F09BA16EF6C5100F85EF7 /* Photo_camera_icon.png */ = {isa = PBXFileReference; lastKnownFileType = image.png; path = Photo_camera_icon.png; sourceTree = "<group>"; };
		93745BA616FA1C630085BFA5 /* new_page.png */ = {isa = PBXFileReference; lastKnownFileType = image.png; path = new_page.png; sourceTree = "<group>"; };
		93745BA816FA20CC0085BFA5 /* redo_icon.png */ = {isa = PBXFileReference; lastKnownFileType = image.png; path = redo_icon.png; sourceTree = "<group>"; };
		93745BAA16FA218F0085BFA5 /* undo_icon2.png */ = {isa = PBXFileReference; lastKnownFileType = image.png; path = undo_icon2.png; sourceTree = "<group>"; };
		93745BAC16FA22DE0085BFA5 /* settingsBlack.png */ = {isa = PBXFileReference; lastKnownFileType = image.png; path = settingsBlack.png; sourceTree = "<group>"; };
		938678E1171EEF8E00F54569 /* ANImageBitmapRep.h */ = {isa = PBXFileReference; fileEncoding = 4; lastKnownFileType = sourcecode.c.h; path = ANImageBitmapRep.h; sourceTree = "<group>"; };
		938678E2171EEF8E00F54569 /* ANImageBitmapRep.m */ = {isa = PBXFileReference; fileEncoding = 4; lastKnownFileType = sourcecode.c.objc; path = ANImageBitmapRep.m; sourceTree = "<group>"; };
		938678E3171EEF8E00F54569 /* BitmapContextRep.h */ = {isa = PBXFileReference; fileEncoding = 4; lastKnownFileType = sourcecode.c.h; path = BitmapContextRep.h; sourceTree = "<group>"; };
		938678E4171EEF8E00F54569 /* BitmapContextRep.m */ = {isa = PBXFileReference; fileEncoding = 4; lastKnownFileType = sourcecode.c.objc; path = BitmapContextRep.m; sourceTree = "<group>"; };
		938678E6171EEF8E00F54569 /* NSImage+ANImageBitmapRep.h */ = {isa = PBXFileReference; fileEncoding = 4; lastKnownFileType = sourcecode.c.h; path = "NSImage+ANImageBitmapRep.h"; sourceTree = "<group>"; };
		938678E7171EEF8E00F54569 /* NSImage+ANImageBitmapRep.m */ = {isa = PBXFileReference; fileEncoding = 4; lastKnownFileType = sourcecode.c.objc; path = "NSImage+ANImageBitmapRep.m"; sourceTree = "<group>"; };
		938678E8171EEF8E00F54569 /* OSCommonImage.h */ = {isa = PBXFileReference; fileEncoding = 4; lastKnownFileType = sourcecode.c.h; path = OSCommonImage.h; sourceTree = "<group>"; };
		938678E9171EEF8E00F54569 /* OSCommonImage.m */ = {isa = PBXFileReference; fileEncoding = 4; lastKnownFileType = sourcecode.c.objc; path = OSCommonImage.m; sourceTree = "<group>"; };
		938678EA171EEF8E00F54569 /* UIImage+ANImageBitmapRep.h */ = {isa = PBXFileReference; fileEncoding = 4; lastKnownFileType = sourcecode.c.h; path = "UIImage+ANImageBitmapRep.h"; sourceTree = "<group>"; };
		938678EB171EEF8E00F54569 /* UIImage+ANImageBitmapRep.m */ = {isa = PBXFileReference; fileEncoding = 4; lastKnownFileType = sourcecode.c.objc; path = "UIImage+ANImageBitmapRep.m"; sourceTree = "<group>"; };
		938678ED171EEF8E00F54569 /* CGContextCreator.h */ = {isa = PBXFileReference; fileEncoding = 4; lastKnownFileType = sourcecode.c.h; path = CGContextCreator.h; sourceTree = "<group>"; };
		938678EE171EEF8E00F54569 /* CGContextCreator.m */ = {isa = PBXFileReference; fileEncoding = 4; lastKnownFileType = sourcecode.c.objc; path = CGContextCreator.m; sourceTree = "<group>"; };
		938678EF171EEF8E00F54569 /* CGImageContainer.h */ = {isa = PBXFileReference; fileEncoding = 4; lastKnownFileType = sourcecode.c.h; path = CGImageContainer.h; sourceTree = "<group>"; };
		938678F0171EEF8E00F54569 /* CGImageContainer.m */ = {isa = PBXFileReference; fileEncoding = 4; lastKnownFileType = sourcecode.c.objc; path = CGImageContainer.m; sourceTree = "<group>"; };
		938678F2171EEF8E00F54569 /* BitmapContextManipulator.h */ = {isa = PBXFileReference; fileEncoding = 4; lastKnownFileType = sourcecode.c.h; path = BitmapContextManipulator.h; sourceTree = "<group>"; };
		938678F3171EEF8E00F54569 /* BitmapContextManipulator.m */ = {isa = PBXFileReference; fileEncoding = 4; lastKnownFileType = sourcecode.c.objc; path = BitmapContextManipulator.m; sourceTree = "<group>"; };
		938678F4171EEF8E00F54569 /* BitmapCropManipulator.h */ = {isa = PBXFileReference; fileEncoding = 4; lastKnownFileType = sourcecode.c.h; path = BitmapCropManipulator.h; sourceTree = "<group>"; };
		938678F5171EEF8E00F54569 /* BitmapCropManipulator.m */ = {isa = PBXFileReference; fileEncoding = 4; lastKnownFileType = sourcecode.c.objc; path = BitmapCropManipulator.m; sourceTree = "<group>"; };
		938678F6171EEF8E00F54569 /* BitmapDrawManipulator.h */ = {isa = PBXFileReference; fileEncoding = 4; lastKnownFileType = sourcecode.c.h; path = BitmapDrawManipulator.h; sourceTree = "<group>"; };
		938678F7171EEF8E00F54569 /* BitmapDrawManipulator.m */ = {isa = PBXFileReference; fileEncoding = 4; lastKnownFileType = sourcecode.c.objc; path = BitmapDrawManipulator.m; sourceTree = "<group>"; };
		938678F8171EEF8E00F54569 /* BitmapRotationManipulator.h */ = {isa = PBXFileReference; fileEncoding = 4; lastKnownFileType = sourcecode.c.h; path = BitmapRotationManipulator.h; sourceTree = "<group>"; };
		938678F9171EEF8E00F54569 /* BitmapRotationManipulator.m */ = {isa = PBXFileReference; fileEncoding = 4; lastKnownFileType = sourcecode.c.objc; path = BitmapRotationManipulator.m; sourceTree = "<group>"; };
		938678FA171EEF8E00F54569 /* BitmapScaleManipulator.h */ = {isa = PBXFileReference; fileEncoding = 4; lastKnownFileType = sourcecode.c.h; path = BitmapScaleManipulator.h; sourceTree = "<group>"; };
		938678FB171EEF8E00F54569 /* BitmapScaleManipulator.m */ = {isa = PBXFileReference; fileEncoding = 4; lastKnownFileType = sourcecode.c.objc; path = BitmapScaleManipulator.m; sourceTree = "<group>"; };
		938678FC171EEF8E00F54569 /* BGRSLoupeLayer.h */ = {isa = PBXFileReference; fileEncoding = 4; lastKnownFileType = sourcecode.c.h; path = BGRSLoupeLayer.h; sourceTree = "<group>"; };
		938678FD171EEF8E00F54569 /* BGRSLoupeLayer.m */ = {isa = PBXFileReference; fileEncoding = 4; lastKnownFileType = sourcecode.c.objc; path = BGRSLoupeLayer.m; sourceTree = "<group>"; };
		938678FE171EEF8E00F54569 /* RSBrightnessSlider.h */ = {isa = PBXFileReference; fileEncoding = 4; lastKnownFileType = sourcecode.c.h; path = RSBrightnessSlider.h; sourceTree = "<group>"; };
		938678FF171EEF8E00F54569 /* RSBrightnessSlider.m */ = {isa = PBXFileReference; fileEncoding = 4; lastKnownFileType = sourcecode.c.objc; path = RSBrightnessSlider.m; sourceTree = "<group>"; };
		93867900171EEF8E00F54569 /* RSColorFunctions.h */ = {isa = PBXFileReference; fileEncoding = 4; lastKnownFileType = sourcecode.c.h; path = RSColorFunctions.h; sourceTree = "<group>"; };
		93867901171EEF8E00F54569 /* RSColorFunctions.m */ = {isa = PBXFileReference; fileEncoding = 4; lastKnownFileType = sourcecode.c.objc; path = RSColorFunctions.m; sourceTree = "<group>"; };
		93867902171EEF8E00F54569 /* RSColorPickerView.h */ = {isa = PBXFileReference; fileEncoding = 4; lastKnownFileType = sourcecode.c.h; path = RSColorPickerView.h; sourceTree = "<group>"; };
		93867903171EEF8E00F54569 /* RSColorPickerView.m */ = {isa = PBXFileReference; fileEncoding = 4; lastKnownFileType = sourcecode.c.objc; path = RSColorPickerView.m; sourceTree = "<group>"; };
		93867904171EEF8E00F54569 /* RSSelectionView.h */ = {isa = PBXFileReference; fileEncoding = 4; lastKnownFileType = sourcecode.c.h; path = RSSelectionView.h; sourceTree = "<group>"; };
		93867905171EEF8E00F54569 /* RSSelectionView.m */ = {isa = PBXFileReference; fileEncoding = 4; lastKnownFileType = sourcecode.c.objc; path = RSSelectionView.m; sourceTree = "<group>"; };
		93867917171EF47000F54569 /* QuartzCore.framework */ = {isa = PBXFileReference; lastKnownFileType = wrapper.framework; name = QuartzCore.framework; path = System/Library/Frameworks/QuartzCore.framework; sourceTree = SDKROOT; };
/* End PBXFileReference section */

/* Begin PBXFrameworksBuildPhase section */
		933D3D7716E542F0002B6540 /* Frameworks */ = {
			isa = PBXFrameworksBuildPhase;
			buildActionMask = 2147483647;
			files = (
				93867918171EF47100F54569 /* QuartzCore.framework in Frameworks */,
				9339F2D416EFA215006EA79E /* Social.framework in Frameworks */,
				9339F2CE16EF708B006EA79E /* MobileCoreServices.framework in Frameworks */,
				933D3DA116E545FB002B6540 /* Twitter.framework in Frameworks */,
				933D3D7E16E542F0002B6540 /* UIKit.framework in Frameworks */,
				933D3D8016E542F0002B6540 /* Foundation.framework in Frameworks */,
				933D3D8216E542F0002B6540 /* CoreGraphics.framework in Frameworks */,
			);
			runOnlyForDeploymentPostprocessing = 0;
		};
/* End PBXFrameworksBuildPhase section */

/* Begin PBXGroup section */
		933D3D7116E542F0002B6540 = {
			isa = PBXGroup;
			children = (
				931E3B8D16F944720040F68E /* icon.png */,
				931E3B8916F942EE0040F68E /* kisicon 2.png */,
				931E3B8416F942160040F68E /* Default.png */,
				931E3B7C16F93E170040F68E /* Default@2x.png */,
				931E3B7A16F93E000040F68E /* Default-568h@2x.png */,
				933D3D8316E542F0002B6540 /* KishKashta */,
				933D3D7C16E542F0002B6540 /* Frameworks */,
				933D3D7B16E542F0002B6540 /* Products */,
			);
			sourceTree = "<group>";
		};
		933D3D7B16E542F0002B6540 /* Products */ = {
			isa = PBXGroup;
			children = (
				933D3D7A16E542F0002B6540 /* KishKashta.app */,
			);
			name = Products;
			sourceTree = "<group>";
		};
		933D3D7C16E542F0002B6540 /* Frameworks */ = {
			isa = PBXGroup;
			children = (
				93867917171EF47000F54569 /* QuartzCore.framework */,
				9339F2D316EFA215006EA79E /* Social.framework */,
				9339F2CD16EF708B006EA79E /* MobileCoreServices.framework */,
				933D3DA016E545FB002B6540 /* Twitter.framework */,
				933D3D7D16E542F0002B6540 /* UIKit.framework */,
				933D3D7F16E542F0002B6540 /* Foundation.framework */,
				933D3D8116E542F0002B6540 /* CoreGraphics.framework */,
			);
			name = Frameworks;
			sourceTree = "<group>";
		};
		933D3D8316E542F0002B6540 /* KishKashta */ = {
			isa = PBXGroup;
			children = (
				933D3D9516E542F0002B6540 /* MainStoryboard.storyboard */,
				933D3E0416E555BE002B6540 /* ALToastView.h */,
				933D3E0516E555BE002B6540 /* ALToastView.m */,
				933D3D8C16E542F0002B6540 /* AppDelegate.h */,
				933D3D8D16E542F0002B6540 /* AppDelegate.m */,
				933D3E0916E55CA9002B6540 /* SettingsViewController.h */,
				933D3E0A16E55CA9002B6540 /* SettingsViewController.m */,
				933D3D9816E542F0002B6540 /* ViewController.h */,
				933D3D9916E542F0002B6540 /* ViewController.m */,
				938678DF171EEF8E00F54569 /* ColorPickerClasses */,
				933D3DA216E54756002B6540 /* Graphics */,
				933D3D8416E542F0002B6540 /* Supporting Files */,
			);
			path = KishKashta;
			sourceTree = "<group>";
		};
		933D3D8416E542F0002B6540 /* Supporting Files */ = {
			isa = PBXGroup;
			children = (
				933D3D8516E542F0002B6540 /* KishKashta-Info.plist */,
				933D3D8616E542F0002B6540 /* InfoPlist.strings */,
				933D3D8916E542F0002B6540 /* main.m */,
				933D3D8B16E542F0002B6540 /* KishKashta-Prefix.pch */,
			);
			name = "Supporting Files";
			sourceTree = "<group>";
		};
		933D3DA216E54756002B6540 /* Graphics */ = {
			isa = PBXGroup;
			children = (
				9347B46F17F0A03A00058C2E /* redoIos7.png */,
				9347B47017F0A03A00058C2E /* undoios7.png */,
				9347B46D17F053A200058C2E /* cameraIos7.png */,
				9347B46B17F04F5600058C2E /* settingsios7.png */,
				9347B46717F0402400058C2E /* newPageIos7.png */,
				9347B46517F03C4400058C2E /* shareIOS7.png */,
				93745BA616FA1C630085BFA5 /* new_page.png */,
				93745BAC16FA22DE0085BFA5 /* settingsBlack.png */,
				93745BAA16FA218F0085BFA5 /* undo_icon2.png */,
				93745BA816FA20CC0085BFA5 /* redo_icon.png */,
				9339F2D116EF778B006EA79E /* Camera.PNG */,
				936F09BA16EF6C5100F85EF7 /* Photo_camera_icon.png */,
				933D3E0716E55917002B6540 /* undo.png */,
				933D3DD316E54C71002B6540 /* share.png */,
				933D3DA316E54756002B6540 /* b.png */,
				933D3DA416E54756002B6540 /* Black.png */,
				933D3DA516E54756002B6540 /* Blue.png */,
				933D3DA616E54756002B6540 /* Brown.png */,
				933D3DA716E54756002B6540 /* Custom-Color.png */,
				933D3DA816E54756002B6540 /* DarkGreen.png */,
				933D3DA916E54756002B6540 /* DarkOrange.png */,
				933D3DAA16E54756002B6540 /* Eraser.png */,
				933D3DAB16E54756002B6540 /* g.png */,
				933D3DAC16E54756002B6540 /* Grey.png */,
				933D3DAD16E54756002B6540 /* LightBlue.png */,
				933D3DAE16E54756002B6540 /* LightGreen.png */,
				933D3DAF16E54756002B6540 /* Opacity.png */,
				933D3DB016E54756002B6540 /* r.png */,
				933D3DB116E54756002B6540 /* Red.png */,
				933D3DB216E54756002B6540 /* reset-Small.png */,
				933D3DB316E54756002B6540 /* Save-Small.png */,
				933D3DB416E54756002B6540 /* Setting-1.png */,
				933D3DB516E54756002B6540 /* Setting-2.png */,
				933D3DB616E54756002B6540 /* Settings White.png */,
				933D3DB716E54756002B6540 /* Settings.png */,
				933D3DB816E54756002B6540 /* thickness.png */,
				933D3DB916E54756002B6540 /* width.png */,
				933D3DBA16E54756002B6540 /* Yellow.png */,
			);
			path = Graphics;
			sourceTree = "<group>";
		};
		938678DF171EEF8E00F54569 /* ColorPickerClasses */ = {
			isa = PBXGroup;
			children = (
				938678E0171EEF8E00F54569 /* ANImageBitmapRep */,
				938678FC171EEF8E00F54569 /* BGRSLoupeLayer.h */,
				938678FD171EEF8E00F54569 /* BGRSLoupeLayer.m */,
				938678FE171EEF8E00F54569 /* RSBrightnessSlider.h */,
				938678FF171EEF8E00F54569 /* RSBrightnessSlider.m */,
				93867900171EEF8E00F54569 /* RSColorFunctions.h */,
				93867901171EEF8E00F54569 /* RSColorFunctions.m */,
				93867902171EEF8E00F54569 /* RSColorPickerView.h */,
				93867903171EEF8E00F54569 /* RSColorPickerView.m */,
				93867904171EEF8E00F54569 /* RSSelectionView.h */,
				93867905171EEF8E00F54569 /* RSSelectionView.m */,
			);
			path = ColorPickerClasses;
			sourceTree = "<group>";
		};
		938678E0171EEF8E00F54569 /* ANImageBitmapRep */ = {
			isa = PBXGroup;
			children = (
				938678E1171EEF8E00F54569 /* ANImageBitmapRep.h */,
				938678E2171EEF8E00F54569 /* ANImageBitmapRep.m */,
				938678E3171EEF8E00F54569 /* BitmapContextRep.h */,
				938678E4171EEF8E00F54569 /* BitmapContextRep.m */,
				938678E5171EEF8E00F54569 /* Compatibility */,
				938678EC171EEF8E00F54569 /* CoreGraphics */,
				938678F1171EEF8E00F54569 /* Manipulators */,
			);
			path = ANImageBitmapRep;
			sourceTree = "<group>";
		};
		938678E5171EEF8E00F54569 /* Compatibility */ = {
			isa = PBXGroup;
			children = (
				938678E6171EEF8E00F54569 /* NSImage+ANImageBitmapRep.h */,
				938678E7171EEF8E00F54569 /* NSImage+ANImageBitmapRep.m */,
				938678E8171EEF8E00F54569 /* OSCommonImage.h */,
				938678E9171EEF8E00F54569 /* OSCommonImage.m */,
				938678EA171EEF8E00F54569 /* UIImage+ANImageBitmapRep.h */,
				938678EB171EEF8E00F54569 /* UIImage+ANImageBitmapRep.m */,
			);
			path = Compatibility;
			sourceTree = "<group>";
		};
		938678EC171EEF8E00F54569 /* CoreGraphics */ = {
			isa = PBXGroup;
			children = (
				938678ED171EEF8E00F54569 /* CGContextCreator.h */,
				938678EE171EEF8E00F54569 /* CGContextCreator.m */,
				938678EF171EEF8E00F54569 /* CGImageContainer.h */,
				938678F0171EEF8E00F54569 /* CGImageContainer.m */,
			);
			path = CoreGraphics;
			sourceTree = "<group>";
		};
		938678F1171EEF8E00F54569 /* Manipulators */ = {
			isa = PBXGroup;
			children = (
				938678F2171EEF8E00F54569 /* BitmapContextManipulator.h */,
				938678F3171EEF8E00F54569 /* BitmapContextManipulator.m */,
				938678F4171EEF8E00F54569 /* BitmapCropManipulator.h */,
				938678F5171EEF8E00F54569 /* BitmapCropManipulator.m */,
				938678F6171EEF8E00F54569 /* BitmapDrawManipulator.h */,
				938678F7171EEF8E00F54569 /* BitmapDrawManipulator.m */,
				938678F8171EEF8E00F54569 /* BitmapRotationManipulator.h */,
				938678F9171EEF8E00F54569 /* BitmapRotationManipulator.m */,
				938678FA171EEF8E00F54569 /* BitmapScaleManipulator.h */,
				938678FB171EEF8E00F54569 /* BitmapScaleManipulator.m */,
			);
			path = Manipulators;
			sourceTree = "<group>";
		};
/* End PBXGroup section */

/* Begin PBXNativeTarget section */
		933D3D7916E542F0002B6540 /* KishKashta */ = {
			isa = PBXNativeTarget;
			buildConfigurationList = 933D3D9D16E542F0002B6540 /* Build configuration list for PBXNativeTarget "KishKashta" */;
			buildPhases = (
				933D3D7616E542F0002B6540 /* Sources */,
				933D3D7716E542F0002B6540 /* Frameworks */,
				933D3D7816E542F0002B6540 /* Resources */,
			);
			buildRules = (
			);
			dependencies = (
			);
			name = KishKashta;
			productName = KishKashta;
			productReference = 933D3D7A16E542F0002B6540 /* KishKashta.app */;
			productType = "com.apple.product-type.application";
		};
/* End PBXNativeTarget section */

/* Begin PBXProject section */
		933D3D7216E542F0002B6540 /* Project object */ = {
			isa = PBXProject;
			attributes = {
				LastUpgradeCheck = 0460;
				ORGANIZATIONNAME = "Harel Avikasis";
			};
			buildConfigurationList = 933D3D7516E542F0002B6540 /* Build configuration list for PBXProject "KishKashta" */;
			compatibilityVersion = "Xcode 3.2";
			developmentRegion = English;
			hasScannedForEncodings = 0;
			knownRegions = (
				en,
			);
			mainGroup = 933D3D7116E542F0002B6540;
			productRefGroup = 933D3D7B16E542F0002B6540 /* Products */;
			projectDirPath = "";
			projectRoot = "";
			targets = (
				933D3D7916E542F0002B6540 /* KishKashta */,
			);
		};
/* End PBXProject section */

/* Begin PBXResourcesBuildPhase section */
		933D3D7816E542F0002B6540 /* Resources */ = {
			isa = PBXResourcesBuildPhase;
			buildActionMask = 2147483647;
			files = (
				9347B46E17F053A200058C2E /* cameraIos7.png in Resources */,
				933D3D8816E542F0002B6540 /* InfoPlist.strings in Resources */,
				933D3D9716E542F0002B6540 /* MainStoryboard.storyboard in Resources */,
				933D3DBB16E54756002B6540 /* b.png in Resources */,
				933D3DBC16E54756002B6540 /* Black.png in Resources */,
				933D3DBD16E54756002B6540 /* Blue.png in Resources */,
				933D3DBE16E54756002B6540 /* Brown.png in Resources */,
				933D3DBF16E54756002B6540 /* Custom-Color.png in Resources */,
				933D3DC016E54756002B6540 /* DarkGreen.png in Resources */,
				933D3DC116E54756002B6540 /* DarkOrange.png in Resources */,
				933D3DC216E54756002B6540 /* Eraser.png in Resources */,
				933D3DC316E54756002B6540 /* g.png in Resources */,
				9347B47217F0A03A00058C2E /* undoios7.png in Resources */,
				933D3DC416E54756002B6540 /* Grey.png in Resources */,
				933D3DC516E54756002B6540 /* LightBlue.png in Resources */,
				9347B46617F03C4400058C2E /* shareIOS7.png in Resources */,
				933D3DC616E54756002B6540 /* LightGreen.png in Resources */,
				933D3DC716E54756002B6540 /* Opacity.png in Resources */,
				9347B46817F0402400058C2E /* newPageIos7.png in Resources */,
				933D3DC816E54756002B6540 /* r.png in Resources */,
				933D3DC916E54756002B6540 /* Red.png in Resources */,
				933D3DCA16E54756002B6540 /* reset-Small.png in Resources */,
				933D3DCB16E54756002B6540 /* Save-Small.png in Resources */,
				933D3DCC16E54756002B6540 /* Setting-1.png in Resources */,
				9347B47117F0A03A00058C2E /* redoIos7.png in Resources */,
				9347B46C17F04F5600058C2E /* settingsios7.png in Resources */,
				933D3DCD16E54756002B6540 /* Setting-2.png in Resources */,
				933D3DCE16E54756002B6540 /* Settings White.png in Resources */,
				933D3DCF16E54756002B6540 /* Settings.png in Resources */,
				933D3DD016E54756002B6540 /* thickness.png in Resources */,
				933D3DD116E54756002B6540 /* width.png in Resources */,
				933D3DD216E54756002B6540 /* Yellow.png in Resources */,
				933D3DD416E54C71002B6540 /* share.png in Resources */,
				933D3E0816E55917002B6540 /* undo.png in Resources */,
				936F09BB16EF6C5100F85EF7 /* Photo_camera_icon.png in Resources */,
				9339F2D216EF778B006EA79E /* Camera.PNG in Resources */,
				931E3B7B16F93E000040F68E /* Default-568h@2x.png in Resources */,
				931E3B7D16F93E170040F68E /* Default@2x.png in Resources */,
				931E3B8616F942530040F68E /* Default.png in Resources */,
				931E3B8A16F942EE0040F68E /* kisicon 2.png in Resources */,
				931E3B8E16F944720040F68E /* icon.png in Resources */,
				93745BA716FA1C630085BFA5 /* new_page.png in Resources */,
				93745BA916FA20CC0085BFA5 /* redo_icon.png in Resources */,
				93745BAB16FA218F0085BFA5 /* undo_icon2.png in Resources */,
				93745BAD16FA22DE0085BFA5 /* settingsBlack.png in Resources */,
			);
			runOnlyForDeploymentPostprocessing = 0;
		};
/* End PBXResourcesBuildPhase section */

/* Begin PBXSourcesBuildPhase section */
		933D3D7616E542F0002B6540 /* Sources */ = {
			isa = PBXSourcesBuildPhase;
			buildActionMask = 2147483647;
			files = (
				933D3D8A16E542F0002B6540 /* main.m in Sources */,
				933D3D8E16E542F0002B6540 /* AppDelegate.m in Sources */,
				933D3D9A16E542F0002B6540 /* ViewController.m in Sources */,
				933D3E0616E555BE002B6540 /* ALToastView.m in Sources */,
				933D3E0B16E55CA9002B6540 /* SettingsViewController.m in Sources */,
				93867906171EEF8E00F54569 /* ANImageBitmapRep.m in Sources */,
				93867907171EEF8E00F54569 /* BitmapContextRep.m in Sources */,
				93867908171EEF8E00F54569 /* NSImage+ANImageBitmapRep.m in Sources */,
				93867909171EEF8E00F54569 /* OSCommonImage.m in Sources */,
				9386790A171EEF8E00F54569 /* UIImage+ANImageBitmapRep.m in Sources */,
				9386790B171EEF8E00F54569 /* CGContextCreator.m in Sources */,
				9386790C171EEF8E00F54569 /* CGImageContainer.m in Sources */,
				9386790D171EEF8E00F54569 /* BitmapContextManipulator.m in Sources */,
				9386790E171EEF8E00F54569 /* BitmapCropManipulator.m in Sources */,
				9386790F171EEF8E00F54569 /* BitmapDrawManipulator.m in Sources */,
				93867910171EEF8E00F54569 /* BitmapRotationManipulator.m in Sources */,
				93867911171EEF8E00F54569 /* BitmapScaleManipulator.m in Sources */,
				93867912171EEF8E00F54569 /* BGRSLoupeLayer.m in Sources */,
				93867913171EEF8E00F54569 /* RSBrightnessSlider.m in Sources */,
				93867914171EEF8E00F54569 /* RSColorFunctions.m in Sources */,
				93867915171EEF8E00F54569 /* RSColorPickerView.m in Sources */,
				93867916171EEF8E00F54569 /* RSSelectionView.m in Sources */,
			);
			runOnlyForDeploymentPostprocessing = 0;
		};
/* End PBXSourcesBuildPhase section */

/* Begin PBXVariantGroup section */
		933D3D8616E542F0002B6540 /* InfoPlist.strings */ = {
			isa = PBXVariantGroup;
			children = (
				933D3D8716E542F0002B6540 /* en */,
			);
			name = InfoPlist.strings;
			sourceTree = "<group>";
		};
		933D3D9516E542F0002B6540 /* MainStoryboard.storyboard */ = {
			isa = PBXVariantGroup;
			children = (
				933D3D9616E542F0002B6540 /* en */,
			);
			name = MainStoryboard.storyboard;
			sourceTree = "<group>";
		};
/* End PBXVariantGroup section */

/* Begin XCBuildConfiguration section */
		933D3D9B16E542F0002B6540 /* Debug */ = {
			isa = XCBuildConfiguration;
			buildSettings = {
				ALWAYS_SEARCH_USER_PATHS = NO;
				CLANG_CXX_LANGUAGE_STANDARD = "gnu++0x";
				CLANG_CXX_LIBRARY = "libc++";
				CLANG_ENABLE_OBJC_ARC = YES;
				CLANG_WARN_CONSTANT_CONVERSION = YES;
				CLANG_WARN_EMPTY_BODY = YES;
				CLANG_WARN_ENUM_CONVERSION = YES;
				CLANG_WARN_INT_CONVERSION = YES;
				CLANG_WARN__DUPLICATE_METHOD_MATCH = YES;
				"CODE_SIGN_IDENTITY[sdk=iphoneos*]" = "iPhone Developer";
				COPY_PHASE_STRIP = NO;
				GCC_C_LANGUAGE_STANDARD = gnu99;
				GCC_DYNAMIC_NO_PIC = NO;
				GCC_OPTIMIZATION_LEVEL = 0;
				GCC_PREPROCESSOR_DEFINITIONS = (
					"DEBUG=1",
					"$(inherited)",
				);
				GCC_SYMBOLS_PRIVATE_EXTERN = NO;
				GCC_WARN_ABOUT_RETURN_TYPE = YES;
				GCC_WARN_UNINITIALIZED_AUTOS = YES;
				GCC_WARN_UNUSED_VARIABLE = YES;
				IPHONEOS_DEPLOYMENT_TARGET = 6.1;
				ONLY_ACTIVE_ARCH = YES;
				SDKROOT = iphoneos;
			};
			name = Debug;
		};
		933D3D9C16E542F0002B6540 /* Release */ = {
			isa = XCBuildConfiguration;
			buildSettings = {
				ALWAYS_SEARCH_USER_PATHS = NO;
				CLANG_CXX_LANGUAGE_STANDARD = "gnu++0x";
				CLANG_CXX_LIBRARY = "libc++";
				CLANG_ENABLE_OBJC_ARC = YES;
				CLANG_WARN_CONSTANT_CONVERSION = YES;
				CLANG_WARN_EMPTY_BODY = YES;
				CLANG_WARN_ENUM_CONVERSION = YES;
				CLANG_WARN_INT_CONVERSION = YES;
				CLANG_WARN__DUPLICATE_METHOD_MATCH = YES;
				"CODE_SIGN_IDENTITY[sdk=iphoneos*]" = "iPhone Developer";
				COPY_PHASE_STRIP = YES;
				GCC_C_LANGUAGE_STANDARD = gnu99;
				GCC_WARN_ABOUT_RETURN_TYPE = YES;
				GCC_WARN_UNINITIALIZED_AUTOS = YES;
				GCC_WARN_UNUSED_VARIABLE = YES;
				IPHONEOS_DEPLOYMENT_TARGET = 6.1;
				OTHER_CFLAGS = "-DNS_BLOCK_ASSERTIONS=1";
				SDKROOT = iphoneos;
				VALIDATE_PRODUCT = YES;
			};
			name = Release;
		};
		933D3D9E16E542F0002B6540 /* Debug */ = {
			isa = XCBuildConfiguration;
			buildSettings = {
				CODE_SIGN_IDENTITY = "iPhone Developer";
				"CODE_SIGN_IDENTITY[sdk=iphoneos*]" = "iPhone Developer";
				GCC_PRECOMPILE_PREFIX_HEADER = YES;
				GCC_PREFIX_HEADER = "KishKashta/KishKashta-Prefix.pch";
				INFOPLIST_FILE = "KishKashta/KishKashta-Info.plist";
				IPHONEOS_DEPLOYMENT_TARGET = 7.0;
				ONLY_ACTIVE_ARCH = YES;
				PRODUCT_NAME = "$(TARGET_NAME)";
				PROVISIONING_PROFILE = "";
				"PROVISIONING_PROFILE[sdk=iphoneos*]" = "";
				TARGETED_DEVICE_FAMILY = 1;
				WRAPPER_EXTENSION = app;
			};
			name = Debug;
		};
		933D3D9F16E542F0002B6540 /* Release */ = {
			isa = XCBuildConfiguration;
			buildSettings = {
				CODE_SIGN_IDENTITY = "iPhone Developer";
				"CODE_SIGN_IDENTITY[sdk=iphoneos*]" = "iPhone Developer";
				GCC_PRECOMPILE_PREFIX_HEADER = YES;
				GCC_PREFIX_HEADER = "KishKashta/KishKashta-Prefix.pch";
				INFOPLIST_FILE = "KishKashta/KishKashta-Info.plist";
				IPHONEOS_DEPLOYMENT_TARGET = 7.0;
				ONLY_ACTIVE_ARCH = YES;
				PRODUCT_NAME = "$(TARGET_NAME)";
				PROVISIONING_PROFILE = "";
				"PROVISIONING_PROFILE[sdk=iphoneos*]" = "";
				TARGETED_DEVICE_FAMILY = 1;
				WRAPPER_EXTENSION = app;
			};
			name = Release;
		};
/* End XCBuildConfiguration section */

/* Begin XCConfigurationList section */
		933D3D7516E542F0002B6540 /* Build configuration list for PBXProject "KishKashta" */ = {
			isa = XCConfigurationList;
			buildConfigurations = (
				933D3D9B16E542F0002B6540 /* Debug */,
				933D3D9C16E542F0002B6540 /* Release */,
			);
			defaultConfigurationIsVisible = 0;
			defaultConfigurationName = Release;
		};
		933D3D9D16E542F0002B6540 /* Build configuration list for PBXNativeTarget "KishKashta" */ = {
			isa = XCConfigurationList;
			buildConfigurations = (
				933D3D9E16E542F0002B6540 /* Debug */,
				933D3D9F16E542F0002B6540 /* Release */,
			);
			defaultConfigurationIsVisible = 0;
			defaultConfigurationName = Release;
		};
/* End XCConfigurationList section */
	};
	rootObject = 933D3D7216E542F0002B6540 /* Project object */;
}
